
Microsoft Visual Studio Solution File, Format Version 12.00
# Visual Studio 15
VisualStudioVersion = 15.0.27703.2018
MinimumVisualStudioVersion = 10.0.40219.1
Project("{FAE04EC0-301F-11D3-BF4B-00C04F79EFBC}") = "Task 692", "Task_692\Task 692.csproj", "{06663D36-1A53-487B-B68B-5BCB4CD7DB7D}"
EndProject
Project("{FAE04EC0-301F-11D3-BF4B-00C04F79EFBC}") = "Task 108", "Task_108\Task 108.csproj", "{F582546C-E823-49E5-ABF8-6B6F5C183C43}"
EndProject
Project("{FAE04EC0-301F-11D3-BF4B-00C04F79EFBC}") = "Task 001", "Task_1\Task 001.csproj", "{7C383F6E-D2BD-461C-A9E8-0545494D6DED}"
EndProject
Project("{FAE04EC0-301F-11D3-BF4B-00C04F79EFBC}") = "Task 903", "Task_903\Task 903.csproj", "{5D4DBA99-88AB-40E2-9EA3-13F08B14A689}"
EndProject
Project("{FAE04EC0-301F-11D3-BF4B-00C04F79EFBC}") = "Task 942", "Task 942\Task 942.csproj", "{280472C5-938B-4D0F-8458-A2C7BE770232}"
EndProject
Project("{FAE04EC0-301F-11D3-BF4B-00C04F79EFBC}") = "Task 358", "Task 358\Task 358.csproj", "{CB433FD4-DCEC-4143-9CC3-E8BD976EB247}"
EndProject
Project("{FAE04EC0-301F-11D3-BF4B-00C04F79EFBC}") = "Task 552", "Task 552\Task 552.csproj", "{77E016D4-26EA-4DA9-8225-A20C173EBDBE}"
EndProject
Project("{FAE04EC0-301F-11D3-BF4B-00C04F79EFBC}") = "Task 025", "Task 25\Task 025.csproj", "{8082EA28-77A1-4F1B-87FA-DCE42F0E5CB6}"
EndProject
Project("{FAE04EC0-301F-11D3-BF4B-00C04F79EFBC}") = "Task 766", "Task 766\Task 766.csproj", "{B5A6460E-FF50-4471-AE88-3D45BBCE1E04}"
EndProject
Project("{FAE04EC0-301F-11D3-BF4B-00C04F79EFBC}") = "Task 192", "Task 192\Task 192.csproj", "{52CB6D4B-DC8D-495A-B24D-4757B7FFD2E0}"
EndProject
Project("{FAE04EC0-301F-11D3-BF4B-00C04F79EFBC}") = "Task 162", "Task 162\Task 162.csproj", "{F989EF33-B17E-4DCD-A8F6-8254FFFEC8FE}"
EndProject
Project("{FAE04EC0-301F-11D3-BF4B-00C04F79EFBC}") = "Task 072", "Task 72\Task 072.csproj", "{94B58314-F6C8-4071-9DC3-3EF8622DD40E}"
EndProject
Global
	GlobalSection(SolutionConfigurationPlatforms) = preSolution
		Debug|Any CPU = Debug|Any CPU
		Release|Any CPU = Release|Any CPU
	EndGlobalSection
	GlobalSection(ProjectConfigurationPlatforms) = postSolution
		{06663D36-1A53-487B-B68B-5BCB4CD7DB7D}.Debug|Any CPU.ActiveCfg = Debug|Any CPU
		{06663D36-1A53-487B-B68B-5BCB4CD7DB7D}.Debug|Any CPU.Build.0 = Debug|Any CPU
		{06663D36-1A53-487B-B68B-5BCB4CD7DB7D}.Release|Any CPU.ActiveCfg = Release|Any CPU
		{06663D36-1A53-487B-B68B-5BCB4CD7DB7D}.Release|Any CPU.Build.0 = Release|Any CPU
		{F582546C-E823-49E5-ABF8-6B6F5C183C43}.Debug|Any CPU.ActiveCfg = Debug|Any CPU
		{F582546C-E823-49E5-ABF8-6B6F5C183C43}.Debug|Any CPU.Build.0 = Debug|Any CPU
		{F582546C-E823-49E5-ABF8-6B6F5C183C43}.Release|Any CPU.ActiveCfg = Release|Any CPU
		{F582546C-E823-49E5-ABF8-6B6F5C183C43}.Release|Any CPU.Build.0 = Release|Any CPU
		{7C383F6E-D2BD-461C-A9E8-0545494D6DED}.Debug|Any CPU.ActiveCfg = Debug|Any CPU
		{7C383F6E-D2BD-461C-A9E8-0545494D6DED}.Debug|Any CPU.Build.0 = Debug|Any CPU
		{7C383F6E-D2BD-461C-A9E8-0545494D6DED}.Release|Any CPU.ActiveCfg = Release|Any CPU
		{7C383F6E-D2BD-461C-A9E8-0545494D6DED}.Release|Any CPU.Build.0 = Release|Any CPU
		{5D4DBA99-88AB-40E2-9EA3-13F08B14A689}.Debug|Any CPU.ActiveCfg = Debug|Any CPU
		{5D4DBA99-88AB-40E2-9EA3-13F08B14A689}.Debug|Any CPU.Build.0 = Debug|Any CPU
		{5D4DBA99-88AB-40E2-9EA3-13F08B14A689}.Release|Any CPU.ActiveCfg = Release|Any CPU
		{5D4DBA99-88AB-40E2-9EA3-13F08B14A689}.Release|Any CPU.Build.0 = Release|Any CPU
		{280472C5-938B-4D0F-8458-A2C7BE770232}.Debug|Any CPU.ActiveCfg = Debug|Any CPU
		{280472C5-938B-4D0F-8458-A2C7BE770232}.Debug|Any CPU.Build.0 = Debug|Any CPU
		{280472C5-938B-4D0F-8458-A2C7BE770232}.Release|Any CPU.ActiveCfg = Release|Any CPU
		{280472C5-938B-4D0F-8458-A2C7BE770232}.Release|Any CPU.Build.0 = Release|Any CPU
		{CB433FD4-DCEC-4143-9CC3-E8BD976EB247}.Debug|Any CPU.ActiveCfg = Debug|Any CPU
		{CB433FD4-DCEC-4143-9CC3-E8BD976EB247}.Debug|Any CPU.Build.0 = Debug|Any CPU
		{CB433FD4-DCEC-4143-9CC3-E8BD976EB247}.Release|Any CPU.ActiveCfg = Release|Any CPU
		{CB433FD4-DCEC-4143-9CC3-E8BD976EB247}.Release|Any CPU.Build.0 = Release|Any CPU
		{77E016D4-26EA-4DA9-8225-A20C173EBDBE}.Debug|Any CPU.ActiveCfg = Debug|Any CPU
		{77E016D4-26EA-4DA9-8225-A20C173EBDBE}.Debug|Any CPU.Build.0 = Debug|Any CPU
		{77E016D4-26EA-4DA9-8225-A20C173EBDBE}.Release|Any CPU.ActiveCfg = Release|Any CPU
		{77E016D4-26EA-4DA9-8225-A20C173EBDBE}.Release|Any CPU.Build.0 = Release|Any CPU
		{8082EA28-77A1-4F1B-87FA-DCE42F0E5CB6}.Debug|Any CPU.ActiveCfg = Debug|Any CPU
		{8082EA28-77A1-4F1B-87FA-DCE42F0E5CB6}.Debug|Any CPU.Build.0 = Debug|Any CPU
		{8082EA28-77A1-4F1B-87FA-DCE42F0E5CB6}.Release|Any CPU.ActiveCfg = Release|Any CPU
		{8082EA28-77A1-4F1B-87FA-DCE42F0E5CB6}.Release|Any CPU.Build.0 = Release|Any CPU
		{B5A6460E-FF50-4471-AE88-3D45BBCE1E04}.Debug|Any CPU.ActiveCfg = Debug|Any CPU
		{B5A6460E-FF50-4471-AE88-3D45BBCE1E04}.Debug|Any CPU.Build.0 = Debug|Any CPU
		{B5A6460E-FF50-4471-AE88-3D45BBCE1E04}.Release|Any CPU.ActiveCfg = Release|Any CPU
		{B5A6460E-FF50-4471-AE88-3D45BBCE1E04}.Release|Any CPU.Build.0 = Release|Any CPU
		{52CB6D4B-DC8D-495A-B24D-4757B7FFD2E0}.Debug|Any CPU.ActiveCfg = Debug|Any CPU
		{52CB6D4B-DC8D-495A-B24D-4757B7FFD2E0}.Debug|Any CPU.Build.0 = Debug|Any CPU
		{52CB6D4B-DC8D-495A-B24D-4757B7FFD2E0}.Release|Any CPU.ActiveCfg = Release|Any CPU
		{52CB6D4B-DC8D-495A-B24D-4757B7FFD2E0}.Release|Any CPU.Build.0 = Release|Any CPU
		{F989EF33-B17E-4DCD-A8F6-8254FFFEC8FE}.Debug|Any CPU.ActiveCfg = Debug|Any CPU
		{F989EF33-B17E-4DCD-A8F6-8254FFFEC8FE}.Debug|Any CPU.Build.0 = Debug|Any CPU
		{F989EF33-B17E-4DCD-A8F6-8254FFFEC8FE}.Release|Any CPU.ActiveCfg = Release|Any CPU
		{F989EF33-B17E-4DCD-A8F6-8254FFFEC8FE}.Release|Any CPU.Build.0 = Release|Any CPU
		{94B58314-F6C8-4071-9DC3-3EF8622DD40E}.Debug|Any CPU.ActiveCfg = Debug|Any CPU
		{94B58314-F6C8-4071-9DC3-3EF8622DD40E}.Debug|Any CPU.Build.0 = Debug|Any CPU
		{94B58314-F6C8-4071-9DC3-3EF8622DD40E}.Release|Any CPU.ActiveCfg = Release|Any CPU
		{94B58314-F6C8-4071-9DC3-3EF8622DD40E}.Release|Any CPU.Build.0 = Release|Any CPU
	EndGlobalSection
	GlobalSection(SolutionProperties) = preSolution
		HideSolutionNode = FALSE
	EndGlobalSection
	GlobalSection(ExtensibilityGlobals) = postSolution
		SolutionGuid = {7EEAB2CB-AED6-477D-AB0B-EE233703A734}
	EndGlobalSection
EndGlobal
